{
  "version": 4,
  "terraform_version": "1.5.7",
  "serial": 85,
  "lineage": "c85cb1b1-e0ff-5587-baf4-d9a2363af833",
  "outputs": {
    "acr_admin_password": {
      "value": "U2RVFPLJWGNSqOAcsCR9kXGPNoGJtpGk/D09rMnfyv+ACRDazInm",
      "type": "string",
      "sensitive": true
    },
    "acr_admin_user": {
      "value": "acreusgoginhtmQCrvw",
      "type": "string"
    },
    "acr_id": {
      "value": "/subscriptions/b1a250e2-b191-45ee-adf8-40d1c9d99dbd/resourceGroups/rg-eus-goginhtm/providers/Microsoft.ContainerRegistry/registries/acreusgoginhtmQCrvw",
      "type": "string"
    },
    "acr_login_server": {
      "value": "acreusgoginhtmqcrvw.azurecr.io",
      "type": "string"
    },
    "acr_name": {
      "value": "acreusgoginhtmQCrvw",
      "type": "string"
    },
    "rg_name": {
      "value": "/subscriptions/b1a250e2-b191-45ee-adf8-40d1c9d99dbd/resourceGroups/rg-eus-goginhtm",
      "type": "string"
    }
  },
  "resources": [
    {
      "mode": "managed",
      "type": "azurerm_container_app",
      "name": "this",
      "provider": "provider[\"registry.terraform.io/hashicorp/azurerm\"]",
      "instances": [
        {
          "index_key": 0,
          "schema_version": 0,
          "attributes": {
            "container_app_environment_id": "/subscriptions/b1a250e2-b191-45ee-adf8-40d1c9d99dbd/resourceGroups/rg-eus-goginhtm/providers/Microsoft.App/managedEnvironments/caegoginhtmQCrvw",
            "custom_domain_verification_id": "4FC5C69A04ED5BE9FFC90A2654268E99E0E348CA32C89BAA83B3C4E71CD44E42",
            "dapr": [],
            "id": "/subscriptions/b1a250e2-b191-45ee-adf8-40d1c9d99dbd/resourceGroups/rg-eus-goginhtm/providers/Microsoft.App/containerApps/acpeusgoginhtm",
            "identity": [
              {
                "identity_ids": [
                  "/subscriptions/b1a250e2-b191-45ee-adf8-40d1c9d99dbd/resourceGroups/rg-eus-goginhtm/providers/Microsoft.ManagedIdentity/userAssignedIdentities/umi_esu_acr_access"
                ],
                "principal_id": "",
                "tenant_id": "",
                "type": "UserAssigned"
              }
            ],
            "ingress": [
              {
                "allow_insecure_connections": false,
                "custom_domain": [],
                "exposed_port": 0,
                "external_enabled": true,
                "fqdn": "acpeusgoginhtm.nicebay-d0635d8d.eastus.azurecontainerapps.io",
                "ip_security_restriction": [],
                "target_port": 8080,
                "traffic_weight": [
                  {
                    "label": "",
                    "latest_revision": true,
                    "percentage": 100,
                    "revision_suffix": ""
                  }
                ],
                "transport": "auto"
              }
            ],
            "latest_revision_fqdn": "acpeusgoginhtm--2umofow.nicebay-d0635d8d.eastus.azurecontainerapps.io",
            "latest_revision_name": "acpeusgoginhtm--2umofow",
            "location": "eastus",
            "name": "acpeusgoginhtm",
            "outbound_ip_addresses": [
              "51.8.224.176"
            ],
            "registry": [
              {
                "identity": "/subscriptions/b1a250e2-b191-45ee-adf8-40d1c9d99dbd/resourceGroups/rg-eus-goginhtm/providers/Microsoft.ManagedIdentity/userAssignedIdentities/umi_esu_acr_access",
                "password_secret_name": "",
                "server": "acreusgoginhtmqcrvw.azurecr.io",
                "username": ""
              }
            ],
            "resource_group_name": "rg-eus-goginhtm",
            "revision_mode": "Single",
            "secret": [],
            "tags": null,
            "template": [
              {
                "azure_queue_scale_rule": [],
                "container": [
                  {
                    "args": null,
                    "command": null,
                    "cpu": 0.5,
                    "env": [],
                    "ephemeral_storage": "2Gi",
                    "image": "acreusgoginhtmqcrvw.azurecr.io/go-htmsite:latest",
                    "liveness_probe": [],
                    "memory": "1Gi",
                    "name": "goginhtmcontainer",
                    "readiness_probe": [],
                    "startup_probe": [],
                    "volume_mounts": []
                  }
                ],
                "custom_scale_rule": [],
                "http_scale_rule": [],
                "init_container": [],
                "max_replicas": 10,
                "min_replicas": 0,
                "revision_suffix": "",
                "tcp_scale_rule": [],
                "volume": []
              }
            ],
            "timeouts": null,
            "workload_profile_name": ""
          },
          "sensitive_attributes": [],
          "private": "eyJlMmJmYjczMC1lY2FhLTExZTYtOGY4OC0zNDM2M2JjN2M0YzAiOnsiY3JlYXRlIjoxODAwMDAwMDAwMDAwLCJkZWxldGUiOjE4MDAwMDAwMDAwMDAsInJlYWQiOjMwMDAwMDAwMDAwMCwidXBkYXRlIjoxODAwMDAwMDAwMDAwfX0=",
          "dependencies": [
            "azurerm_container_app_environment.this",
            "azurerm_container_registry.this",
            "azurerm_resource_group.this",
            "azurerm_user_assigned_identity.this"
          ]
        }
      ]
    },
    {
      "mode": "managed",
      "type": "azurerm_container_app_environment",
      "name": "this",
      "provider": "provider[\"registry.terraform.io/hashicorp/azurerm\"]",
      "instances": [
        {
          "schema_version": 0,
          "attributes": {
            "custom_domain_verification_id": "4FC5C69A04ED5BE9FFC90A2654268E99E0E348CA32C89BAA83B3C4E71CD44E42",
            "dapr_application_insights_connection_string": "",
            "default_domain": "nicebay-d0635d8d.eastus.azurecontainerapps.io",
            "docker_bridge_cidr": "",
            "id": "/subscriptions/b1a250e2-b191-45ee-adf8-40d1c9d99dbd/resourceGroups/rg-eus-goginhtm/providers/Microsoft.App/managedEnvironments/caegoginhtmQCrvw",
            "infrastructure_resource_group_name": "",
            "infrastructure_subnet_id": "",
            "internal_load_balancer_enabled": false,
            "location": "eastus",
            "log_analytics_workspace_id": "",
            "name": "caegoginhtmQCrvw",
            "platform_reserved_cidr": "",
            "platform_reserved_dns_ip_address": "",
            "resource_group_name": "rg-eus-goginhtm",
            "static_ip_address": "51.8.225.10",
            "tags": {},
            "timeouts": null,
            "workload_profile": [],
            "zone_redundancy_enabled": false
          },
          "sensitive_attributes": [],
          "private": "eyJlMmJmYjczMC1lY2FhLTExZTYtOGY4OC0zNDM2M2JjN2M0YzAiOnsiY3JlYXRlIjoxODAwMDAwMDAwMDAwLCJkZWxldGUiOjE4MDAwMDAwMDAwMDAsInJlYWQiOjMwMDAwMDAwMDAwMCwidXBkYXRlIjoxODAwMDAwMDAwMDAwfX0=",
          "dependencies": [
            "azurerm_resource_group.this",
            "random_string.random"
          ]
        }
      ]
    },
    {
      "mode": "managed",
      "type": "azurerm_container_registry",
      "name": "this",
      "provider": "provider[\"registry.terraform.io/hashicorp/azurerm\"]",
      "instances": [
        {
          "schema_version": 2,
          "attributes": {
            "admin_enabled": true,
            "admin_password": "U2RVFPLJWGNSqOAcsCR9kXGPNoGJtpGk/D09rMnfyv+ACRDazInm",
            "admin_username": "acreusgoginhtmQCrvw",
            "anonymous_pull_enabled": false,
            "data_endpoint_enabled": false,
            "encryption": [
              {
                "enabled": false,
                "identity_client_id": "",
                "key_vault_key_id": ""
              }
            ],
            "export_policy_enabled": true,
            "georeplications": [],
            "id": "/subscriptions/b1a250e2-b191-45ee-adf8-40d1c9d99dbd/resourceGroups/rg-eus-goginhtm/providers/Microsoft.ContainerRegistry/registries/acreusgoginhtmQCrvw",
            "identity": [],
            "location": "eastus",
            "login_server": "acreusgoginhtmqcrvw.azurecr.io",
            "name": "acreusgoginhtmQCrvw",
            "network_rule_bypass_option": "AzureServices",
            "network_rule_set": [],
            "public_network_access_enabled": true,
            "quarantine_policy_enabled": false,
            "resource_group_name": "rg-eus-goginhtm",
            "retention_policy": [
              {
                "days": 7,
                "enabled": false
              }
            ],
            "sku": "Basic",
            "tags": {},
            "timeouts": null,
            "trust_policy": [
              {
                "enabled": false
              }
            ],
            "zone_redundancy_enabled": false
          },
          "sensitive_attributes": [],
          "private": "eyJlMmJmYjczMC1lY2FhLTExZTYtOGY4OC0zNDM2M2JjN2M0YzAiOnsiY3JlYXRlIjoxODAwMDAwMDAwMDAwLCJkZWxldGUiOjE4MDAwMDAwMDAwMDAsInJlYWQiOjMwMDAwMDAwMDAwMCwidXBkYXRlIjoxODAwMDAwMDAwMDAwfSwic2NoZW1hX3ZlcnNpb24iOiIyIn0=",
          "dependencies": [
            "azurerm_resource_group.this",
            "random_string.random"
          ]
        }
      ]
    },
    {
      "mode": "managed",
      "type": "azurerm_resource_group",
      "name": "this",
      "provider": "provider[\"registry.terraform.io/hashicorp/azurerm\"]",
      "instances": [
        {
          "schema_version": 0,
          "attributes": {
            "id": "/subscriptions/b1a250e2-b191-45ee-adf8-40d1c9d99dbd/resourceGroups/rg-eus-goginhtm",
            "location": "eastus",
            "managed_by": "",
            "name": "rg-eus-goginhtm",
            "tags": {},
            "timeouts": null
          },
          "sensitive_attributes": [],
          "private": "eyJlMmJmYjczMC1lY2FhLTExZTYtOGY4OC0zNDM2M2JjN2M0YzAiOnsiY3JlYXRlIjo1NDAwMDAwMDAwMDAwLCJkZWxldGUiOjU0MDAwMDAwMDAwMDAsInJlYWQiOjMwMDAwMDAwMDAwMCwidXBkYXRlIjo1NDAwMDAwMDAwMDAwfX0="
        }
      ]
    },
    {
      "mode": "managed",
      "type": "azurerm_role_assignment",
      "name": "containerapp",
      "provider": "provider[\"registry.terraform.io/hashicorp/azurerm\"]",
      "instances": [
        {
          "schema_version": 0,
          "attributes": {
            "condition": "",
            "condition_version": "",
            "delegated_managed_identity_resource_id": "",
            "description": "",
            "id": "/subscriptions/b1a250e2-b191-45ee-adf8-40d1c9d99dbd/resourceGroups/rg-eus-goginhtm/providers/Microsoft.ContainerRegistry/registries/acreusgoginhtmQCrvw/providers/Microsoft.Authorization/roleAssignments/9adc1182-0282-f505-9eb5-8921237c3d4e",
            "name": "9adc1182-0282-f505-9eb5-8921237c3d4e",
            "principal_id": "51195727-617e-46c4-90a9-a6ed2a5850aa",
            "principal_type": "ServicePrincipal",
            "role_definition_id": "/subscriptions/b1a250e2-b191-45ee-adf8-40d1c9d99dbd/providers/Microsoft.Authorization/roleDefinitions/7f951dda-4ed3-4680-a7ca-43fe172d538d",
            "role_definition_name": "AcrPull",
            "scope": "/subscriptions/b1a250e2-b191-45ee-adf8-40d1c9d99dbd/resourceGroups/rg-eus-goginhtm/providers/Microsoft.ContainerRegistry/registries/acreusgoginhtmQCrvw",
            "skip_service_principal_aad_check": null,
            "timeouts": null
          },
          "sensitive_attributes": [],
          "private": "eyJlMmJmYjczMC1lY2FhLTExZTYtOGY4OC0zNDM2M2JjN2M0YzAiOnsiY3JlYXRlIjoxODAwMDAwMDAwMDAwLCJkZWxldGUiOjE4MDAwMDAwMDAwMDAsInJlYWQiOjMwMDAwMDAwMDAwMH19",
          "dependencies": [
            "azurerm_container_registry.this",
            "azurerm_resource_group.this",
            "azurerm_user_assigned_identity.this",
            "random_string.random"
          ]
        }
      ]
    },
    {
      "mode": "managed",
      "type": "azurerm_user_assigned_identity",
      "name": "this",
      "provider": "provider[\"registry.terraform.io/hashicorp/azurerm\"]",
      "instances": [
        {
          "schema_version": 1,
          "attributes": {
            "client_id": "913eb135-d5d7-4e84-81d5-2b9b6f0690d2",
            "id": "/subscriptions/b1a250e2-b191-45ee-adf8-40d1c9d99dbd/resourceGroups/rg-eus-goginhtm/providers/Microsoft.ManagedIdentity/userAssignedIdentities/umi_esu_acr_access",
            "location": "eastus",
            "name": "umi_esu_acr_access",
            "principal_id": "51195727-617e-46c4-90a9-a6ed2a5850aa",
            "resource_group_name": "rg-eus-goginhtm",
            "tags": {},
            "tenant_id": "e4d55e3f-69d5-46e9-9e86-6b9113fbc072",
            "timeouts": null
          },
          "sensitive_attributes": [],
          "private": "eyJlMmJmYjczMC1lY2FhLTExZTYtOGY4OC0zNDM2M2JjN2M0YzAiOnsiY3JlYXRlIjoxODAwMDAwMDAwMDAwLCJkZWxldGUiOjE4MDAwMDAwMDAwMDAsInJlYWQiOjMwMDAwMDAwMDAwMCwidXBkYXRlIjoxODAwMDAwMDAwMDAwfSwic2NoZW1hX3ZlcnNpb24iOiIxIn0=",
          "dependencies": [
            "azurerm_resource_group.this"
          ]
        }
      ]
    },
    {
      "mode": "managed",
      "type": "random_id",
      "name": "this",
      "provider": "provider[\"registry.terraform.io/hashicorp/random\"]",
      "instances": [
        {
          "schema_version": 0,
          "attributes": {
            "b64_std": "fv2W1SM=",
            "b64_url": "fv2W1SM",
            "byte_length": 5,
            "dec": "545420399907",
            "hex": "7efd96d523",
            "id": "fv2W1SM",
            "keepers": {
              "trigger": "always_run"
            },
            "prefix": null
          },
          "sensitive_attributes": []
        }
      ]
    },
    {
      "mode": "managed",
      "type": "random_string",
      "name": "random",
      "provider": "provider[\"registry.terraform.io/hashicorp/random\"]",
      "instances": [
        {
          "schema_version": 2,
          "attributes": {
            "id": "QCrvw",
            "keepers": null,
            "length": 5,
            "lower": true,
            "min_lower": 0,
            "min_numeric": 0,
            "min_special": 0,
            "min_upper": 0,
            "number": true,
            "numeric": true,
            "override_special": null,
            "result": "QCrvw",
            "special": false,
            "upper": true
          },
          "sensitive_attributes": []
        }
      ]
    }
  ],
  "check_results": null
}
